// !$*UTF8*$!
{
	archiveVersion = 1;
	classes = {
	};
	objectVersion = 50;
	objects = {

/* Begin PBXBuildFile section */
		521BEC47256FAF5300F96DA9 /* AppDelegate.swift in Sources */ = {isa = PBXBuildFile; fileRef = 521BEC46256FAF5300F96DA9 /* AppDelegate.swift */; };
		521BEC49256FAF5300F96DA9 /* SceneDelegate.swift in Sources */ = {isa = PBXBuildFile; fileRef = 521BEC48256FAF5300F96DA9 /* SceneDelegate.swift */; };
		521BEC50256FAF5800F96DA9 /* Assets.xcassets in Resources */ = {isa = PBXBuildFile; fileRef = 521BEC4F256FAF5800F96DA9 /* Assets.xcassets */; };
		521BEC53256FAF5800F96DA9 /* LaunchScreen.storyboard in Resources */ = {isa = PBXBuildFile; fileRef = 521BEC51256FAF5800F96DA9 /* LaunchScreen.storyboard */; };
		521BEC66256FAF8A00F96DA9 /* bit2.mp3 in Resources */ = {isa = PBXBuildFile; fileRef = 521BEC5C256FAF8800F96DA9 /* bit2.mp3 */; };
		521BEC67256FAF8A00F96DA9 /* bit5.mp3 in Resources */ = {isa = PBXBuildFile; fileRef = 521BEC5D256FAF8900F96DA9 /* bit5.mp3 */; };
		521BEC68256FAF8A00F96DA9 /* bit3.mp3 in Resources */ = {isa = PBXBuildFile; fileRef = 521BEC5E256FAF8900F96DA9 /* bit3.mp3 */; };
		521BEC69256FAF8A00F96DA9 /* bit8.mp3 in Resources */ = {isa = PBXBuildFile; fileRef = 521BEC5F256FAF8900F96DA9 /* bit8.mp3 */; };
		521BEC6A256FAF8A00F96DA9 /* bit7.mp3 in Resources */ = {isa = PBXBuildFile; fileRef = 521BEC60256FAF8900F96DA9 /* bit7.mp3 */; };
		521BEC6B256FAF8A00F96DA9 /* bit6.mp3 in Resources */ = {isa = PBXBuildFile; fileRef = 521BEC61256FAF8900F96DA9 /* bit6.mp3 */; };
		521BEC6C256FAF8A00F96DA9 /* Main.storyboard in Resources */ = {isa = PBXBuildFile; fileRef = 521BEC62256FAF8900F96DA9 /* Main.storyboard */; };
		521BEC6D256FAF8A00F96DA9 /* ViewController.swift in Sources */ = {isa = PBXBuildFile; fileRef = 521BEC63256FAF8900F96DA9 /* ViewController.swift */; };
		521BEC6E256FAF8A00F96DA9 /* bit4.mp3 in Resources */ = {isa = PBXBuildFile; fileRef = 521BEC64256FAF8900F96DA9 /* bit4.mp3 */; };
		521BEC6F256FAF8A00F96DA9 /* bit1.mp3 in Resources */ = {isa = PBXBuildFile; fileRef = 521BEC65256FAF8A00F96DA9 /* bit1.mp3 */; };
		521BEC73256FBAB200F96DA9 /* CustomButtons.swift in Sources */ = {isa = PBXBuildFile; fileRef = 521BEC72256FBAB100F96DA9 /* CustomButtons.swift */; };
		521BEC76256FBE2600F96DA9 /* PlayBeat.swift in Sources */ = {isa = PBXBuildFile; fileRef = 521BEC75256FBE2600F96DA9 /* PlayBeat.swift */; };
		521BECA8256FF1CC00F96DA9 /* RecordVoic.swift in Sources */ = {isa = PBXBuildFile; fileRef = 521BECA7256FF1CC00F96DA9 /* RecordVoic.swift */; };
		525C3FE72570F76B00D6617F /* simulator_screenshot_CD8E327B-DE3D-413F-A786-F7D0D20E4531.png in Resources */ = {isa = PBXBuildFile; fileRef = 525C3FE62570F76A00D6617F /* simulator_screenshot_CD8E327B-DE3D-413F-A786-F7D0D20E4531.png */; };
/* End PBXBuildFile section */

/* Begin PBXFileReference section */
		521BEC43256FAF5300F96DA9 /* Micro Beat Machine.app */ = {isa = PBXFileReference; explicitFileType = wrapper.application; includeInIndex = 0; path = "Micro Beat Machine.app"; sourceTree = BUILT_PRODUCTS_DIR; };
		521BEC46256FAF5300F96DA9 /* AppDelegate.swift */ = {isa = PBXFileReference; lastKnownFileType = sourcecode.swift; path = AppDelegate.swift; sourceTree = "<group>"; };
		521BEC48256FAF5300F96DA9 /* SceneDelegate.swift */ = {isa = PBXFileReference; lastKnownFileType = sourcecode.swift; path = SceneDelegate.swift; sourceTree = "<group>"; };
		521BEC4F256FAF5800F96DA9 /* Assets.xcassets */ = {isa = PBXFileReference; lastKnownFileType = folder.assetcatalog; path = Assets.xcassets; sourceTree = "<group>"; };
		521BEC52256FAF5800F96DA9 /* Base */ = {isa = PBXFileReference; lastKnownFileType = file.storyboard; name = Base; path = Base.lproj/LaunchScreen.storyboard; sourceTree = "<group>"; };
		521BEC54256FAF5800F96DA9 /* Info.plist */ = {isa = PBXFileReference; lastKnownFileType = text.plist.xml; path = Info.plist; sourceTree = "<group>"; };
		521BEC5C256FAF8800F96DA9 /* bit2.mp3 */ = {isa = PBXFileReference; lastKnownFileType = audio.mp3; path = bit2.mp3; sourceTree = "<group>"; };
		521BEC5D256FAF8900F96DA9 /* bit5.mp3 */ = {isa = PBXFileReference; lastKnownFileType = audio.mp3; path = bit5.mp3; sourceTree = "<group>"; };
		521BEC5E256FAF8900F96DA9 /* bit3.mp3 */ = {isa = PBXFileReference; lastKnownFileType = audio.mp3; path = bit3.mp3; sourceTree = "<group>"; };
		521BEC5F256FAF8900F96DA9 /* bit8.mp3 */ = {isa = PBXFileReference; lastKnownFileType = audio.mp3; path = bit8.mp3; sourceTree = "<group>"; };
		521BEC60256FAF8900F96DA9 /* bit7.mp3 */ = {isa = PBXFileReference; lastKnownFileType = audio.mp3; path = bit7.mp3; sourceTree = "<group>"; };
		521BEC61256FAF8900F96DA9 /* bit6.mp3 */ = {isa = PBXFileReference; lastKnownFileType = audio.mp3; path = bit6.mp3; sourceTree = "<group>"; };
		521BEC62256FAF8900F96DA9 /* Main.storyboard */ = {isa = PBXFileReference; fileEncoding = 4; lastKnownFileType = file.storyboard; path = Main.storyboard; sourceTree = "<group>"; };
		521BEC63256FAF8900F96DA9 /* ViewController.swift */ = {isa = PBXFileReference; fileEncoding = 4; lastKnownFileType = sourcecode.swift; name = ViewController.swift; path = ../../Drum/Drum/ViewController.swift; sourceTree = "<group>"; };
		521BEC64256FAF8900F96DA9 /* bit4.mp3 */ = {isa = PBXFileReference; lastKnownFileType = audio.mp3; path = bit4.mp3; sourceTree = "<group>"; };
		521BEC65256FAF8A00F96DA9 /* bit1.mp3 */ = {isa = PBXFileReference; lastKnownFileType = audio.mp3; path = bit1.mp3; sourceTree = "<group>"; };
		521BEC72256FBAB100F96DA9 /* CustomButtons.swift */ = {isa = PBXFileReference; lastKnownFileType = sourcecode.swift; path = CustomButtons.swift; sourceTree = "<group>"; };
		521BEC75256FBE2600F96DA9 /* PlayBeat.swift */ = {isa = PBXFileReference; lastKnownFileType = sourcecode.swift; path = PlayBeat.swift; sourceTree = "<group>"; };
		521BECA7256FF1CC00F96DA9 /* RecordVoic.swift */ = {isa = PBXFileReference; lastKnownFileType = sourcecode.swift; path = RecordVoic.swift; sourceTree = "<group>"; };
		525C3FE62570F76A00D6617F /* simulator_screenshot_CD8E327B-DE3D-413F-A786-F7D0D20E4531.png */ = {isa = PBXFileReference; lastKnownFileType = image.png; path = "simulator_screenshot_CD8E327B-DE3D-413F-A786-F7D0D20E4531.png"; sourceTree = "<group>"; };
/* End PBXFileReference section */

/* Begin PBXFrameworksBuildPhase section */
		521BEC40256FAF5300F96DA9 /* Frameworks */ = {
			isa = PBXFrameworksBuildPhase;
			buildActionMask = 2147483647;
			files = (
			);
			runOnlyForDeploymentPostprocessing = 0;
		};
/* End PBXFrameworksBuildPhase section */

/* Begin PBXGroup section */
		521BEC3A256FAF5300F96DA9 = {
			isa = PBXGroup;
			children = (
				521BEC45256FAF5300F96DA9 /* Micro Beat Machine */,
				521BEC44256FAF5300F96DA9 /* Products */,
			);
			sourceTree = "<group>";
		};
		521BEC44256FAF5300F96DA9 /* Products */ = {
			isa = PBXGroup;
			children = (
				521BEC43256FAF5300F96DA9 /* Micro Beat Machine.app */,
			);
			name = Products;
			sourceTree = "<group>";
		};
		521BEC45256FAF5300F96DA9 /* Micro Beat Machine */ = {
			isa = PBXGroup;
			children = (
				521BEC46256FAF5300F96DA9 /* AppDelegate.swift */,
				521BEC48256FAF5300F96DA9 /* SceneDelegate.swift */,
				521BEC65256FAF8A00F96DA9 /* bit1.mp3 */,
				521BEC5C256FAF8800F96DA9 /* bit2.mp3 */,
				521BEC5E256FAF8900F96DA9 /* bit3.mp3 */,
				521BEC64256FAF8900F96DA9 /* bit4.mp3 */,
				521BEC5D256FAF8900F96DA9 /* bit5.mp3 */,
				521BEC61256FAF8900F96DA9 /* bit6.mp3 */,
				521BEC60256FAF8900F96DA9 /* bit7.mp3 */,
				521BEC5F256FAF8900F96DA9 /* bit8.mp3 */,
				521BEC62256FAF8900F96DA9 /* Main.storyboard */,
				521BEC63256FAF8900F96DA9 /* ViewController.swift */,
				521BEC4F256FAF5800F96DA9 /* Assets.xcassets */,
				521BEC51256FAF5800F96DA9 /* LaunchScreen.storyboard */,
				521BEC54256FAF5800F96DA9 /* Info.plist */,
				521BEC72256FBAB100F96DA9 /* CustomButtons.swift */,
				521BEC75256FBE2600F96DA9 /* PlayBeat.swift */,
				525C3FE62570F76A00D6617F /* simulator_screenshot_CD8E327B-DE3D-413F-A786-F7D0D20E4531.png */,
				521BECA7256FF1CC00F96DA9 /* RecordVoic.swift */,
			);
			path = "Micro Beat Machine";
			sourceTree = "<group>";
		};
/* End PBXGroup section */

/* Begin PBXNativeTarget section */
		521BEC42256FAF5300F96DA9 /* Micro Beat Machine */ = {
			isa = PBXNativeTarget;
			buildConfigurationList = 521BEC57256FAF5800F96DA9 /* Build configuration list for PBXNativeTarget "Micro Beat Machine" */;
			buildPhases = (
				521BEC3F256FAF5300F96DA9 /* Sources */,
				521BEC40256FAF5300F96DA9 /* Frameworks */,
				521BEC41256FAF5300F96DA9 /* Resources */,
			);
			buildRules = (
			);
			dependencies = (
			);
			name = "Micro Beat Machine";
			productName = "Micro Beat Machine";
			productReference = 521BEC43256FAF5300F96DA9 /* Micro Beat Machine.app */;
			productType = "com.apple.product-type.application";
		};
/* End PBXNativeTarget section */

/* Begin PBXProject section */
		521BEC3B256FAF5300F96DA9 /* Project object */ = {
			isa = PBXProject;
			attributes = {
				LastSwiftUpdateCheck = 1220;
				LastUpgradeCheck = 1220;
				TargetAttributes = {
					521BEC42256FAF5300F96DA9 = {
						CreatedOnToolsVersion = 12.2;
					};
				};
			};
			buildConfigurationList = 521BEC3E256FAF5300F96DA9 /* Build configuration list for PBXProject "Micro Beat Machine" */;
			compatibilityVersion = "Xcode 9.3";
			developmentRegion = en;
			hasScannedForEncodings = 0;
			knownRegions = (
				en,
				Base,
			);
			mainGroup = 521BEC3A256FAF5300F96DA9;
			productRefGroup = 521BEC44256FAF5300F96DA9 /* Products */;
			projectDirPath = "";
			projectRoot = "";
			targets = (
				521BEC42256FAF5300F96DA9 /* Micro Beat Machine */,
			);
		};
/* End PBXProject section */

/* Begin PBXResourcesBuildPhase section */
		521BEC41256FAF5300F96DA9 /* Resources */ = {
			isa = PBXResourcesBuildPhase;
			buildActionMask = 2147483647;
			files = (
				521BEC53256FAF5800F96DA9 /* LaunchScreen.storyboard in Resources */,
				521BEC6C256FAF8A00F96DA9 /* Main.storyboard in Resources */,
				521BEC6F256FAF8A00F96DA9 /* bit1.mp3 in Resources */,
				521BEC67256FAF8A00F96DA9 /* bit5.mp3 in Resources */,
				521BEC6B256FAF8A00F96DA9 /* bit6.mp3 in Resources */,
				521BEC68256FAF8A00F96DA9 /* bit3.mp3 in Resources */,
				521BEC50256FAF5800F96DA9 /* Assets.xcassets in Resources */,
				525C3FE72570F76B00D6617F /* simulator_screenshot_CD8E327B-DE3D-413F-A786-F7D0D20E4531.png in Resources */,
				521BEC6A256FAF8A00F96DA9 /* bit7.mp3 in Resources */,
				521BEC69256FAF8A00F96DA9 /* bit8.mp3 in Resources */,
				521BEC66256FAF8A00F96DA9 /* bit2.mp3 in Resources */,
				521BEC6E256FAF8A00F96DA9 /* bit4.mp3 in Resources */,
			);
			runOnlyForDeploymentPostprocessing = 0;
		};
/* End PBXResourcesBuildPhase section */

/* Begin PBXSourcesBuildPhase section */
		521BEC3F256FAF5300F96DA9 /* Sources */ = {
			isa = PBXSourcesBuildPhase;
			buildActionMask = 2147483647;
			files = (
				521BEC73256FBAB200F96DA9 /* CustomButtons.swift in Sources */,
				521BEC47256FAF5300F96DA9 /* AppDelegate.swift in Sources */,
				521BEC6D256FAF8A00F96DA9 /* ViewController.swift in Sources */,
				521BEC76256FBE2600F96DA9 /* PlayBeat.swift in Sources */,
				521BEC49256FAF5300F96DA9 /* SceneDelegate.swift in Sources */,
				521BECA8256FF1CC00F96DA9 /* RecordVoic.swift in Sources */,
			);
			runOnlyForDeploymentPostprocessing = 0;
		};
/* End PBXSourcesBuildPhase section */

/* Begin PBXVariantGroup section */
		521BEC51256FAF5800F96DA9 /* LaunchScreen.storyboard */ = {
			isa = PBXVariantGroup;
			children = (
				521BEC52256FAF5800F96DA9 /* Base */,
			);
			name = LaunchScreen.storyboard;
			sourceTree = "<group>";
		};
/* End PBXVariantGroup section */

/* Begin XCBuildConfiguration section */
		521BEC55256FAF5800F96DA9 /* Debug */ = {
			isa = XCBuildConfiguration;
			buildSettings = {
				ALWAYS_SEARCH_USER_PATHS = NO;
				CLANG_ANALYZER_NONNULL = YES;
				CLANG_ANALYZER_NUMBER_OBJECT_CONVERSION = YES_AGGRESSIVE;
				CLANG_CXX_LANGUAGE_STANDARD = "gnu++14";
				CLANG_CXX_LIBRARY = "libc++";
				CLANG_ENABLE_MODULES = YES;
				CLANG_ENABLE_OBJC_ARC = YES;
				CLANG_ENABLE_OBJC_WEAK = YES;
				CLANG_WARN_BLOCK_CAPTURE_AUTORELEASING = YES;
				CLANG_WARN_BOOL_CONVERSION = YES;
				CLANG_WARN_COMMA = YES;
				CLANG_WARN_CONSTANT_CONVERSION = YES;
				CLANG_WARN_DEPRECATED_OBJC_IMPLEMENTATIONS = YES;
				CLANG_WARN_DIRECT_OBJC_ISA_USAGE = YES_ERROR;
				CLANG_WARN_DOCUMENTATION_COMMENTS = YES;
				CLANG_WARN_EMPTY_BODY = YES;
				CLANG_WARN_ENUM_CONVERSION = YES;
				CLANG_WARN_INFINITE_RECURSION = YES;
				CLANG_WARN_INT_CONVERSION = YES;
				CLANG_WARN_NON_LITERAL_NULL_CONVERSION = YES;
				CLANG_WARN_OBJC_IMPLICIT_RETAIN_SELF = YES;
				CLANG_WARN_OBJC_LITERAL_CONVERSION = YES;
				CLANG_WARN_OBJC_ROOT_CLASS = YES_ERROR;
				CLANG_WARN_QUOTED_INCLUDE_IN_FRAMEWORK_HEADER = YES;
				CLANG_WARN_RANGE_LOOP_ANALYSIS = YES;
				CLANG_WARN_STRICT_PROTOTYPES = YES;
				CLANG_WARN_SUSPICIOUS_MOVE = YES;
				CLANG_WARN_UNGUARDED_AVAILABILITY = YES_AGGRESSIVE;
				CLANG_WARN_UNREACHABLE_CODE = YES;
				CLANG_WARN__DUPLICATE_METHOD_MATCH = YES;
				COPY_PHASE_STRIP = NO;
				DEBUG_INFORMATION_FORMAT = dwarf;
				ENABLE_STRICT_OBJC_MSGSEND = YES;
				ENABLE_TESTABILITY = YES;
				GCC_C_LANGUAGE_STANDARD = gnu11;
				GCC_DYNAMIC_NO_PIC = NO;
				GCC_NO_COMMON_BLOCKS = YES;
				GCC_OPTIMIZATION_LEVEL = 0;
				GCC_PREPROCESSOR_DEFINITIONS = (
					"DEBUG=1",
					"$(inherited)",
				);
				GCC_WARN_64_TO_32_BIT_CONVERSION = YES;
				GCC_WARN_ABOUT_RETURN_TYPE = YES_ERROR;
				GCC_WARN_UNDECLARED_SELECTOR = YES;
				GCC_WARN_UNINITIALIZED_AUTOS = YES_AGGRESSIVE;
				GCC_WARN_UNUSED_FUNCTION = YES;
				GCC_WARN_UNUSED_VARIABLE = YES;
				IPHONEOS_DEPLOYMENT_TARGET = 14.2;
				MTL_ENABLE_DEBUG_INFO = INCLUDE_SOURCE;
				MTL_FAST_MATH = YES;
				ONLY_ACTIVE_ARCH = YES;
				SDKROOT = iphoneos;
				SWIFT_ACTIVE_COMPILATION_CONDITIONS = DEBUG;
				SWIFT_OPTIMIZATION_LEVEL = "-Onone";
			};
			name = Debug;
		};
		521BEC56256FAF5800F96DA9 /* Release */ = {
			isa = XCBuildConfiguration;
			buildSettings = {
				ALWAYS_SEARCH_USER_PATHS = NO;
				CLANG_ANALYZER_NONNULL = YES;
				CLANG_ANALYZER_NUMBER_OBJECT_CONVERSION = YES_AGGRESSIVE;
				CLANG_CXX_LANGUAGE_STANDARD = "gnu++14";
				CLANG_CXX_LIBRARY = "libc++";
				CLANG_ENABLE_MODULES = YES;
				CLANG_ENABLE_OBJC_ARC = YES;
				CLANG_ENABLE_OBJC_WEAK = YES;
				CLANG_WARN_BLOCK_CAPTURE_AUTORELEASING = YES;
				CLANG_WARN_BOOL_CONVERSION = YES;
				CLANG_WARN_COMMA = YES;
				CLANG_WARN_CONSTANT_CONVERSION = YES;
				CLANG_WARN_DEPRECATED_OBJC_IMPLEMENTATIONS = YES;
				CLANG_WARN_DIRECT_OBJC_ISA_USAGE = YES_ERROR;
				CLANG_WARN_DOCUMENTATION_COMMENTS = YES;
				CLANG_WARN_EMPTY_BODY = YES;
				CLANG_WARN_ENUM_CONVERSION = YES;
				CLANG_WARN_INFINITE_RECURSION = YES;
				CLANG_WARN_INT_CONVERSION = YES;
				CLANG_WARN_NON_LITERAL_NULL_CONVERSION = YES;
				CLANG_WARN_OBJC_IMPLICIT_RETAIN_SELF = YES;
				CLANG_WARN_OBJC_LITERAL_CONVERSION = YES;
				CLANG_WARN_OBJC_ROOT_CLASS = YES_ERROR;
				CLANG_WARN_QUOTED_INCLUDE_IN_FRAMEWORK_HEADER = YES;
				CLANG_WARN_RANGE_LOOP_ANALYSIS = YES;
				CLANG_WARN_STRICT_PROTOTYPES = YES;
				CLANG_WARN_SUSPICIOUS_MOVE = YES;
				CLANG_WARN_UNGUARDED_AVAILABILITY = YES_AGGRESSIVE;
				CLANG_WARN_UNREACHABLE_CODE = YES;
				CLANG_WARN__DUPLICATE_METHOD_MATCH = YES;
				COPY_PHASE_STRIP = NO;
				DEBUG_INFORMATION_FORMAT = "dwarf-with-dsym";
				ENABLE_NS_ASSERTIONS = NO;
				ENABLE_STRICT_OBJC_MSGSEND = YES;
				GCC_C_LANGUAGE_STANDARD = gnu11;
				GCC_NO_COMMON_BLOCKS = YES;
				GCC_WARN_64_TO_32_BIT_CONVERSION = YES;
				GCC_WARN_ABOUT_RETURN_TYPE = YES_ERROR;
				GCC_WARN_UNDECLARED_SELECTOR = YES;
				GCC_WARN_UNINITIALIZED_AUTOS = YES_AGGRESSIVE;
				GCC_WARN_UNUSED_FUNCTION = YES;
				GCC_WARN_UNUSED_VARIABLE = YES;
				IPHONEOS_DEPLOYMENT_TARGET = 14.2;
				MTL_ENABLE_DEBUG_INFO = NO;
				MTL_FAST_MATH = YES;
				SDKROOT = iphoneos;
				SWIFT_COMPILATION_MODE = wholemodule;
				SWIFT_OPTIMIZATION_LEVEL = "-O";
				VALIDATE_PRODUCT = YES;
			};
			name = Release;
		};
		521BEC58256FAF5800F96DA9 /* Debug */ = {
			isa = XCBuildConfiguration;
			buildSettings = {
				ASSETCATALOG_COMPILER_APPICON_NAME = AppIcon;
				ASSETCATALOG_COMPILER_GLOBAL_ACCENT_COLOR_NAME = AccentColor;
				CODE_SIGN_STYLE = Automatic;
				DEVELOPMENT_TEAM = 9MWGQTB4CA;
				INFOPLIST_FILE = "Micro Beat Machine/Info.plist";
				IPHONEOS_DEPLOYMENT_TARGET = 13.0;
				LD_RUNPATH_SEARCH_PATHS = (
					"$(inherited)",
					"@executable_path/Frameworks",
				);
				PRODUCT_BUNDLE_IDENTIFIER = "nelermont.Micro-Beat-Machine";
				PRODUCT_NAME = "$(TARGET_NAME)";
				SWIFT_VERSION = 5.0;
				TARGETED_DEVICE_FAMILY = "1,2";
			};
			name = Debug;
		};
		521BEC59256FAF5800F96DA9 /* Release */ = {
			isa = XCBuildConfiguration;
			buildSettings = {
				ASSETCATALOG_COMPILER_APPICON_NAME = AppIcon;
				ASSETCATALOG_COMPILER_GLOBAL_ACCENT_COLOR_NAME = AccentColor;
				CODE_SIGN_STYLE = Automatic;
				DEVELOPMENT_TEAM = 9MWGQTB4CA;
				INFOPLIST_FILE = "Micro Beat Machine/Info.plist";
				IPHONEOS_DEPLOYMENT_TARGET = 13.0;
				LD_RUNPATH_SEARCH_PATHS = (
					"$(inherited)",
					"@executable_path/Frameworks",
				);
				PRODUCT_BUNDLE_IDENTIFIER = "nelermont.Micro-Beat-Machine";
				PRODUCT_NAME = "$(TARGET_NAME)";
				SWIFT_VERSION = 5.0;
				TARGETED_DEVICE_FAMILY = "1,2";
			};
			name = Release;
		};
/* End XCBuildConfiguration section */

/* Begin XCConfigurationList section */
		521BEC3E256FAF5300F96DA9 /* Build configuration list for PBXProject "Micro Beat Machine" */ = {
			isa = XCConfigurationList;
			buildConfigurations = (
				521BEC55256FAF5800F96DA9 /* Debug */,
				521BEC56256FAF5800F96DA9 /* Release */,
			);
			defaultConfigurationIsVisible = 0;
			defaultConfigurationName = Release;
		};
		521BEC57256FAF5800F96DA9 /* Build configuration list for PBXNativeTarget "Micro Beat Machine" */ = {
			isa = XCConfigurationList;
			buildConfigurations = (
				521BEC58256FAF5800F96DA9 /* Debug */,
				521BEC59256FAF5800F96DA9 /* Release */,
			);
			defaultConfigurationIsVisible = 0;
			defaultConfigurationName = Release;
		};
/* End XCConfigurationList section */
	};
	rootObject = 521BEC3B256FAF5300F96DA9 /* Project object */;
}
